
Microsoft Visual Studio Solution File, Format Version 12.00
# Visual Studio Version 17
VisualStudioVersion = 17.9.34616.47
MinimumVisualStudioVersion = 10.0.40219.1
Project("{FAE04EC0-301F-11D3-BF4B-00C04F79EFBC}") = "WebApp", "WebApp\WebApp.csproj", "{7464A2C0-26DF-4F99-A4A6-64C26A8601F5}"
EndProject
Global
	GlobalSection(SolutionConfigurationPlatforms) = preSolution
		Debug|Any CPU = Debug|Any CPU
		Release|Any CPU = Release|Any CPU
	EndGlobalSection
	GlobalSection(ProjectConfigurationPlatforms) = postSolution
		{7464A2C0-26DF-4F99-A4A6-64C26A8601F5}.Debug|Any CPU.ActiveCfg = Debug|Any CPU
		{7464A2C0-26DF-4F99-A4A6-64C26A8601F5}.Debug|Any CPU.Build.0 = Debug|Any CPU
		{7464A2C0-26DF-4F99-A4A6-64C26A8601F5}.Release|Any CPU.ActiveCfg = Release|Any CPU
		{7464A2C0-26DF-4F99-A4A6-64C26A8601F5}.Release|Any CPU.Build.0 = Release|Any CPU
	EndGlobalSection
	GlobalSection(SolutionProperties) = preSolution
		HideSolutionNode = FALSE
	EndGlobalSection
	GlobalSection(ExtensibilityGlobals) = postSolution
		SolutionGuid = {C4ADF109-B8C7-4584-8775-6172DC96BF2C}
	EndGlobalSection
EndGlobal
